
Microsoft Visual Studio Solution File, Format Version 12.00
# Visual Studio Version 17
VisualStudioVersion = 17.0.31903.59
MinimumVisualStudioVersion = 10.0.40219.1
Project("{FAE04EC0-301F-11D3-BF4B-00C04F79EFBC}") = "Lab_12", "Lab_12\Lab_12.csproj", "{D11AF0BD-73D8-4E63-AF03-F324ACA2A0A0}"
EndProject
Global
	GlobalSection(SolutionConfigurationPlatforms) = preSolution
		Debug|Any CPU = Debug|Any CPU
		Release|Any CPU = Release|Any CPU
	EndGlobalSection
	GlobalSection(ProjectConfigurationPlatforms) = postSolution
		{D11AF0BD-73D8-4E63-AF03-F324ACA2A0A0}.Debug|Any CPU.ActiveCfg = Debug|Any CPU
		{D11AF0BD-73D8-4E63-AF03-F324ACA2A0A0}.Debug|Any CPU.Build.0 = Debug|Any CPU
		{D11AF0BD-73D8-4E63-AF03-F324ACA2A0A0}.Release|Any CPU.ActiveCfg = Release|Any CPU
		{D11AF0BD-73D8-4E63-AF03-F324ACA2A0A0}.Release|Any CPU.Build.0 = Release|Any CPU
	EndGlobalSection
	GlobalSection(SolutionProperties) = preSolution
		HideSolutionNode = FALSE
	EndGlobalSection
	GlobalSection(ExtensibilityGlobals) = postSolution
		SolutionGuid = {4F878CB3-E90A-43D4-8CA6-626BF7D52570}
	EndGlobalSection
EndGlobal
